// !$*UTF8*$!
{
	archiveVersion = 1;
	classes = {
	};
	objectVersion = 46;
	objects = {

/* Begin PBXBuildFile section */
		9A3459901D6EF98500A90B15 /* AppDelegate.swift in Sources */ = {isa = PBXBuildFile; fileRef = 9A34598F1D6EF98500A90B15 /* AppDelegate.swift */; };
		9A3459921D6EF98500A90B15 /* ViewController.swift in Sources */ = {isa = PBXBuildFile; fileRef = 9A3459911D6EF98500A90B15 /* ViewController.swift */; };
		9A3459951D6EF98500A90B15 /* Main.storyboard in Resources */ = {isa = PBXBuildFile; fileRef = 9A3459931D6EF98500A90B15 /* Main.storyboard */; };
		9A3459981D6EF98500A90B15 /* LogIn_Check.xcdatamodeld in Sources */ = {isa = PBXBuildFile; fileRef = 9A3459961D6EF98500A90B15 /* LogIn_Check.xcdatamodeld */; };
		9A34599A1D6EF98500A90B15 /* Assets.xcassets in Resources */ = {isa = PBXBuildFile; fileRef = 9A3459991D6EF98500A90B15 /* Assets.xcassets */; };
		9A34599D1D6EF98500A90B15 /* LaunchScreen.storyboard in Resources */ = {isa = PBXBuildFile; fileRef = 9A34599B1D6EF98500A90B15 /* LaunchScreen.storyboard */; };
/* End PBXBuildFile section */

/* Begin PBXFileReference section */
		9A34598C1D6EF98500A90B15 /* LogIn Check.app */ = {isa = PBXFileReference; explicitFileType = wrapper.application; includeInIndex = 0; path = "LogIn Check.app"; sourceTree = BUILT_PRODUCTS_DIR; };
		9A34598F1D6EF98500A90B15 /* AppDelegate.swift */ = {isa = PBXFileReference; lastKnownFileType = sourcecode.swift; path = AppDelegate.swift; sourceTree = "<group>"; };
		9A3459911D6EF98500A90B15 /* ViewController.swift */ = {isa = PBXFileReference; lastKnownFileType = sourcecode.swift; path = ViewController.swift; sourceTree = "<group>"; };
		9A3459941D6EF98500A90B15 /* Base */ = {isa = PBXFileReference; lastKnownFileType = file.storyboard; name = Base; path = Base.lproj/Main.storyboard; sourceTree = "<group>"; };
		9A3459971D6EF98500A90B15 /* LogIn_Check.xcdatamodel */ = {isa = PBXFileReference; lastKnownFileType = wrapper.xcdatamodel; path = LogIn_Check.xcdatamodel; sourceTree = "<group>"; };
		9A3459991D6EF98500A90B15 /* Assets.xcassets */ = {isa = PBXFileReference; lastKnownFileType = folder.assetcatalog; path = Assets.xcassets; sourceTree = "<group>"; };
		9A34599C1D6EF98500A90B15 /* Base */ = {isa = PBXFileReference; lastKnownFileType = file.storyboard; name = Base; path = Base.lproj/LaunchScreen.storyboard; sourceTree = "<group>"; };
		9A34599E1D6EF98500A90B15 /* Info.plist */ = {isa = PBXFileReference; lastKnownFileType = text.plist.xml; path = Info.plist; sourceTree = "<group>"; };
/* End PBXFileReference section */

/* Begin PBXFrameworksBuildPhase section */
		9A3459891D6EF98500A90B15 /* Frameworks */ = {
			isa = PBXFrameworksBuildPhase;
			buildActionMask = 2147483647;
			files = (
			);
			runOnlyForDeploymentPostprocessing = 0;
		};
/* End PBXFrameworksBuildPhase section */

/* Begin PBXGroup section */
		9A3459831D6EF98500A90B15 = {
			isa = PBXGroup;
			children = (
				9A34598E1D6EF98500A90B15 /* LogIn Check */,
				9A34598D1D6EF98500A90B15 /* Products */,
			);
			sourceTree = "<group>";
		};
		9A34598D1D6EF98500A90B15 /* Products */ = {
			isa = PBXGroup;
			children = (
				9A34598C1D6EF98500A90B15 /* LogIn Check.app */,
			);
			name = Products;
			sourceTree = "<group>";
		};
		9A34598E1D6EF98500A90B15 /* LogIn Check */ = {
			isa = PBXGroup;
			children = (
				9A34598F1D6EF98500A90B15 /* AppDelegate.swift */,
				9A3459911D6EF98500A90B15 /* ViewController.swift */,
				9A3459931D6EF98500A90B15 /* Main.storyboard */,
				9A3459991D6EF98500A90B15 /* Assets.xcassets */,
				9A34599B1D6EF98500A90B15 /* LaunchScreen.storyboard */,
				9A34599E1D6EF98500A90B15 /* Info.plist */,
				9A3459961D6EF98500A90B15 /* LogIn_Check.xcdatamodeld */,
			);
			path = "LogIn Check";
			sourceTree = "<group>";
		};
/* End PBXGroup section */

/* Begin PBXNativeTarget section */
		9A34598B1D6EF98500A90B15 /* LogIn Check */ = {
			isa = PBXNativeTarget;
			buildConfigurationList = 9A3459A11D6EF98500A90B15 /* Build configuration list for PBXNativeTarget "LogIn Check" */;
			buildPhases = (
				9A3459881D6EF98500A90B15 /* Sources */,
				9A3459891D6EF98500A90B15 /* Frameworks */,
				9A34598A1D6EF98500A90B15 /* Resources */,
			);
			buildRules = (
			);
			dependencies = (
			);
			name = "LogIn Check";
			productName = "LogIn Check";
			productReference = 9A34598C1D6EF98500A90B15 /* LogIn Check.app */;
			productType = "com.apple.product-type.application";
		};
/* End PBXNativeTarget section */

/* Begin PBXProject section */
		9A3459841D6EF98500A90B15 /* Project object */ = {
			isa = PBXProject;
			attributes = {
				LastSwiftUpdateCheck = 0800;
				LastUpgradeCheck = 0800;
				ORGANIZATIONNAME = "李宝明";
				TargetAttributes = {
					9A34598B1D6EF98500A90B15 = {
						CreatedOnToolsVersion = 8.0;
						ProvisioningStyle = Automatic;
					};
				};
			};
			buildConfigurationList = 9A3459871D6EF98500A90B15 /* Build configuration list for PBXProject "LogIn Check" */;
			compatibilityVersion = "Xcode 3.2";
			developmentRegion = English;
			hasScannedForEncodings = 0;
			knownRegions = (
				en,
				Base,
			);
			mainGroup = 9A3459831D6EF98500A90B15;
			productRefGroup = 9A34598D1D6EF98500A90B15 /* Products */;
			projectDirPath = "";
			projectRoot = "";
			targets = (
				9A34598B1D6EF98500A90B15 /* LogIn Check */,
			);
		};
/* End PBXProject section */

/* Begin PBXResourcesBuildPhase section */
		9A34598A1D6EF98500A90B15 /* Resources */ = {
			isa = PBXResourcesBuildPhase;
			buildActionMask = 2147483647;
			files = (
				9A34599D1D6EF98500A90B15 /* LaunchScreen.storyboard in Resources */,
				9A34599A1D6EF98500A90B15 /* Assets.xcassets in Resources */,
				9A3459951D6EF98500A90B15 /* Main.storyboard in Resources */,
			);
			runOnlyForDeploymentPostprocessing = 0;
		};
/* End PBXResourcesBuildPhase section */

/* Begin PBXSourcesBuildPhase section */
		9A3459881D6EF98500A90B15 /* Sources */ = {
			isa = PBXSourcesBuildPhase;
			buildActionMask = 2147483647;
			files = (
				9A3459981D6EF98500A90B15 /* LogIn_Check.xcdatamodeld in Sources */,
				9A3459921D6EF98500A90B15 /* ViewController.swift in Sources */,
				9A3459901D6EF98500A90B15 /* AppDelegate.swift in Sources */,
			);
			runOnlyForDeploymentPostprocessing = 0;
		};
/* End PBXSourcesBuildPhase section */

/* Begin PBXVariantGroup section */
		9A3459931D6EF98500A90B15 /* Main.storyboard */ = {
			isa = PBXVariantGroup;
			children = (
				9A3459941D6EF98500A90B15 /* Base */,
			);
			name = Main.storyboard;
			sourceTree = "<group>";
		};
		9A34599B1D6EF98500A90B15 /* LaunchScreen.storyboard */ = {
			isa = PBXVariantGroup;
			children = (
				9A34599C1D6EF98500A90B15 /* Base */,
			);
			name = LaunchScreen.storyboard;
			sourceTree = "<group>";
		};
/* End PBXVariantGroup section */

/* Begin XCBuildConfiguration section */
		9A34599F1D6EF98500A90B15 /* Debug */ = {
			isa = XCBuildConfiguration;
			buildSettings = {
				ALWAYS_SEARCH_USER_PATHS = NO;
				CLANG_ANALYZER_NONNULL = YES;
				CLANG_CXX_LANGUAGE_STANDARD = "gnu++0x";
				CLANG_CXX_LIBRARY = "libc++";
				CLANG_ENABLE_MODULES = YES;
				CLANG_ENABLE_OBJC_ARC = YES;
				CLANG_WARN_BOOL_CONVERSION = YES;
				CLANG_WARN_CONSTANT_CONVERSION = YES;
				CLANG_WARN_DIRECT_OBJC_ISA_USAGE = YES_ERROR;
				CLANG_WARN_DOCUMENTATION_COMMENTS = YES;
				CLANG_WARN_EMPTY_BODY = YES;
				CLANG_WARN_ENUM_CONVERSION = YES;
				CLANG_WARN_INFINITE_RECURSION = YES;
				CLANG_WARN_INT_CONVERSION = YES;
				CLANG_WARN_OBJC_ROOT_CLASS = YES_ERROR;
				CLANG_WARN_SUSPICIOUS_MOVES = YES;
				CLANG_WARN_UNREACHABLE_CODE = YES;
				CLANG_WARN__DUPLICATE_METHOD_MATCH = YES;
				"CODE_SIGN_IDENTITY[sdk=iphoneos*]" = "iPhone Developer";
				COPY_PHASE_STRIP = NO;
				DEBUG_INFORMATION_FORMAT = dwarf;
				ENABLE_STRICT_OBJC_MSGSEND = YES;
				ENABLE_TESTABILITY = YES;
				GCC_C_LANGUAGE_STANDARD = gnu99;
				GCC_DYNAMIC_NO_PIC = NO;
				GCC_NO_COMMON_BLOCKS = YES;
				GCC_OPTIMIZATION_LEVEL = 0;
				GCC_PREPROCESSOR_DEFINITIONS = (
					"DEBUG=1",
					"$(inherited)",
				);
				GCC_WARN_64_TO_32_BIT_CONVERSION = YES;
				GCC_WARN_ABOUT_RETURN_TYPE = YES_ERROR;
				GCC_WARN_UNDECLARED_SELECTOR = YES;
				GCC_WARN_UNINITIALIZED_AUTOS = YES_AGGRESSIVE;
				GCC_WARN_UNUSED_FUNCTION = YES;
				GCC_WARN_UNUSED_VARIABLE = YES;
				IPHONEOS_DEPLOYMENT_TARGET = 10.0;
				MTL_ENABLE_DEBUG_INFO = YES;
				ONLY_ACTIVE_ARCH = YES;
				SDKROOT = iphoneos;
				SWIFT_ACTIVE_COMPILATION_CONDITIONS = DEBUG;
				SWIFT_OPTIMIZATION_LEVEL = "-Onone";
			};
			name = Debug;
		};
		9A3459A01D6EF98500A90B15 /* Release */ = {
			isa = XCBuildConfiguration;
			buildSettings = {
				ALWAYS_SEARCH_USER_PATHS = NO;
				CLANG_ANALYZER_NONNULL = YES;
				CLANG_CXX_LANGUAGE_STANDARD = "gnu++0x";
				CLANG_CXX_LIBRARY = "libc++";
				CLANG_ENABLE_MODULES = YES;
				CLANG_ENABLE_OBJC_ARC = YES;
				CLANG_WARN_BOOL_CONVERSION = YES;
				CLANG_WARN_CONSTANT_CONVERSION = YES;
				CLANG_WARN_DIRECT_OBJC_ISA_USAGE = YES_ERROR;
				CLANG_WARN_DOCUMENTATION_COMMENTS = YES;
				CLANG_WARN_EMPTY_BODY = YES;
				CLANG_WARN_ENUM_CONVERSION = YES;
				CLANG_WARN_INFINITE_RECURSION = YES;
				CLANG_WARN_INT_CONVERSION = YES;
				CLANG_WARN_OBJC_ROOT_CLASS = YES_ERROR;
				CLANG_WARN_SUSPICIOUS_MOVES = YES;
				CLANG_WARN_UNREACHABLE_CODE = YES;
				CLANG_WARN__DUPLICATE_METHOD_MATCH = YES;
				"CODE_SIGN_IDENTITY[sdk=iphoneos*]" = "iPhone Developer";
				COPY_PHASE_STRIP = NO;
				DEBUG_INFORMATION_FORMAT = "dwarf-with-dsym";
				ENABLE_NS_ASSERTIONS = NO;
				ENABLE_STRICT_OBJC_MSGSEND = YES;
				GCC_C_LANGUAGE_STANDARD = gnu99;
				GCC_NO_COMMON_BLOCKS = YES;
				GCC_WARN_64_TO_32_BIT_CONVERSION = YES;
				GCC_WARN_ABOUT_RETURN_TYPE = YES_ERROR;
				GCC_WARN_UNDECLARED_SELECTOR = YES;
				GCC_WARN_UNINITIALIZED_AUTOS = YES_AGGRESSIVE;
				GCC_WARN_UNUSED_FUNCTION = YES;
				GCC_WARN_UNUSED_VARIABLE = YES;
				IPHONEOS_DEPLOYMENT_TARGET = 10.0;
				MTL_ENABLE_DEBUG_INFO = NO;
				SDKROOT = iphoneos;
				SWIFT_OPTIMIZATION_LEVEL = "-Owholemodule";
				VALIDATE_PRODUCT = YES;
			};
			name = Release;
		};
		9A3459A21D6EF98500A90B15 /* Debug */ = {
			isa = XCBuildConfiguration;
			buildSettings = {
				ASSETCATALOG_COMPILER_APPICON_NAME = AppIcon;
				INFOPLIST_FILE = "LogIn Check/Info.plist";
				LD_RUNPATH_SEARCH_PATHS = "$(inherited) @executable_path/Frameworks";
				PRODUCT_BUNDLE_IDENTIFIER = "com.libaoming.LogIn-Check";
				PRODUCT_NAME = "$(TARGET_NAME)";
				SWIFT_VERSION = 3.0;
			};
			name = Debug;
		};
		9A3459A31D6EF98500A90B15 /* Release */ = {
			isa = XCBuildConfiguration;
			buildSettings = {
				ASSETCATALOG_COMPILER_APPICON_NAME = AppIcon;
				INFOPLIST_FILE = "LogIn Check/Info.plist";
				LD_RUNPATH_SEARCH_PATHS = "$(inherited) @executable_path/Frameworks";
				PRODUCT_BUNDLE_IDENTIFIER = "com.libaoming.LogIn-Check";
				PRODUCT_NAME = "$(TARGET_NAME)";
				SWIFT_VERSION = 3.0;
			};
			name = Release;
		};
/* End XCBuildConfiguration section */

/* Begin XCConfigurationList section */
		9A3459871D6EF98500A90B15 /* Build configuration list for PBXProject "LogIn Check" */ = {
			isa = XCConfigurationList;
			buildConfigurations = (
				9A34599F1D6EF98500A90B15 /* Debug */,
				9A3459A01D6EF98500A90B15 /* Release */,
			);
			defaultConfigurationIsVisible = 0;
			defaultConfigurationName = Release;
		};
		9A3459A11D6EF98500A90B15 /* Build configuration list for PBXNativeTarget "LogIn Check" */ = {
			isa = XCConfigurationList;
			buildConfigurations = (
				9A3459A21D6EF98500A90B15 /* Debug */,
				9A3459A31D6EF98500A90B15 /* Release */,
			);
			defaultConfigurationIsVisible = 0;
		};
/* End XCConfigurationList section */

/* Begin XCVersionGroup section */
		9A3459961D6EF98500A90B15 /* LogIn_Check.xcdatamodeld */ = {
			isa = XCVersionGroup;
			children = (
				9A3459971D6EF98500A90B15 /* LogIn_Check.xcdatamodel */,
			);
			currentVersion = 9A3459971D6EF98500A90B15 /* LogIn_Check.xcdatamodel */;
			path = LogIn_Check.xcdatamodeld;
			sourceTree = "<group>";
			versionGroupType = wrapper.xcdatamodel;
		};
/* End XCVersionGroup section */
	};
	rootObject = 9A3459841D6EF98500A90B15 /* Project object */;
}
